# Prisma Migrate lockfile v1

20201104024538-init
20201104025056-add-intent-in-userstatus
20201104025431-remove-intent-in-userstatus
20201104053047-add-condition-status---block
20201104053513-changed-intent-to-condition-relations---1-to-many----many-to-many
20201104054028-add-columns-in-condition-status
20201104054834-add-text-in-block
20201104055805-midified-block-column-name
20201104070054-modified-block-can-be-null-in-condition-status
20201104091722-modified-model-name-user-to-chatbot-user
20201105070801-modified-relation-block-to-conditionstatus
20201105084025-add-component--link--component-data
20201105084341-add-intent-in-link
20201105084746-add-description-in-block
20201105091223-add-kakaoi_type-in-component
20201105091749-change-snakecase-to-camelcase
20201106011604-add-order-in-component
20201109010518-delete-component-data--add-scenario---data-set
20201109011232-add-relation-block---dataset