# Prisma Migrate lockfile v1

20201104024538-init
20201104025056-add-intent-in-userstatus
20201104025431-remove-intent-in-userstatus
20201104053047-add-condition-status---block
20201104053513-changed-intent-to-condition-relations---1-to-many----many-to-many
20201104054028-add-columns-in-condition-status
20201104054834-add-text-in-block
20201104055805-midified-block-column-name
20201104070054-modified-block-can-be-null-in-condition-status